
Microsoft Visual Studio Solution File, Format Version 12.00
# Visual Studio Version 17
VisualStudioVersion = 17.10.35013.160
MinimumVisualStudioVersion = 10.0.40219.1
Project("{FAE04EC0-301F-11D3-BF4B-00C04F79EFBC}") = "oop-exam", "oop-exam\oop-exam.csproj", "{39F12A48-9124-469E-890D-1AAF632F9F30}"
EndProject
Global
	GlobalSection(SolutionConfigurationPlatforms) = preSolution
		Debug|Any CPU = Debug|Any CPU
		Release|Any CPU = Release|Any CPU
	EndGlobalSection
	GlobalSection(ProjectConfigurationPlatforms) = postSolution
		{39F12A48-9124-469E-890D-1AAF632F9F30}.Debug|Any CPU.ActiveCfg = Debug|Any CPU
		{39F12A48-9124-469E-890D-1AAF632F9F30}.Debug|Any CPU.Build.0 = Debug|Any CPU
		{39F12A48-9124-469E-890D-1AAF632F9F30}.Release|Any CPU.ActiveCfg = Release|Any CPU
		{39F12A48-9124-469E-890D-1AAF632F9F30}.Release|Any CPU.Build.0 = Release|Any CPU
	EndGlobalSection
	GlobalSection(SolutionProperties) = preSolution
		HideSolutionNode = FALSE
	EndGlobalSection
	GlobalSection(ExtensibilityGlobals) = postSolution
		SolutionGuid = {531BC65E-3DFF-43C2-8A69-3DC59A4883FA}
	EndGlobalSection
EndGlobal
